Microsoft Visual Studio Solution File, Format Version 12.00
# Visual Studio Version 17
VisualStudioVersion = 17.5.2.0
MinimumVisualStudioVersion = 10.0.40219.1
Project("{FAE04EC0-301F-11D3-BF4B-00C04F79EFBC}") = "AqlaAwsS3Manager", "AqlaAwsS3Manager.csproj", "{3E40EB32-C2EC-B673-A5E9-C6802014AB85}"
EndProject
Global
	GlobalSection(SolutionConfigurationPlatforms) = preSolution
		Debug|Any CPU = Debug|Any CPU
		Release|Any CPU = Release|Any CPU
	EndGlobalSection
	GlobalSection(ProjectConfigurationPlatforms) = postSolution
		{3E40EB32-C2EC-B673-A5E9-C6802014AB85}.Debug|Any CPU.ActiveCfg = Debug|Any CPU
		{3E40EB32-C2EC-B673-A5E9-C6802014AB85}.Debug|Any CPU.Build.0 = Debug|Any CPU
		{3E40EB32-C2EC-B673-A5E9-C6802014AB85}.Release|Any CPU.ActiveCfg = Release|Any CPU
		{3E40EB32-C2EC-B673-A5E9-C6802014AB85}.Release|Any CPU.Build.0 = Release|Any CPU
	EndGlobalSection
	GlobalSection(SolutionProperties) = preSolution
		HideSolutionNode = FALSE
	EndGlobalSection
	GlobalSection(ExtensibilityGlobals) = postSolution
		SolutionGuid = {5466724F-2C5C-46B8-8181-5A2DC71F645E}
	EndGlobalSection
EndGlobal
